
Microsoft Visual Studio Solution File, Format Version 12.00
# Visual Studio Version 17
VisualStudioVersion = 17.13.35828.75
MinimumVisualStudioVersion = 10.0.40219.1
Project("{8BC9CEB8-8B4A-11D0-8D11-00A0C91BC942}") = "Chap07", "Chap07\Chap07.vcxproj", "{556E499A-B95C-4C94-9C39-C53C6E980672}"
EndProject
Project("{8BC9CEB8-8B4A-11D0-8D11-00A0C91BC942}") = "Chap08", "Chap08\Chap08.vcxproj", "{5F71AECE-C236-46F1-B344-D1D94116D137}"
EndProject
Project("{8BC9CEB8-8B4A-11D0-8D11-00A0C91BC942}") = "Chap07- Assignment", "Chap07- Assignment\Chap07- Assignment.vcxproj", "{5260AADB-00E9-474A-A75C-8D9FBEAEAB4D}"
EndProject
Project("{8BC9CEB8-8B4A-11D0-8D11-00A0C91BC942}") = "Chap08- Assignment", "Chap08- Assignment\Chap08- Assignment.vcxproj", "{EA92B7ED-833E-42E5-9971-2AD05D67ECAA}"
EndProject
Project("{8BC9CEB8-8B4A-11D0-8D11-00A0C91BC942}") = "Chap09", "Chap09\Chap09.vcxproj", "{BF39DBB9-DC57-4B85-8D5B-318F1D27CB64}"
EndProject
Project("{8BC9CEB8-8B4A-11D0-8D11-00A0C91BC942}") = "Chap09- Assignment", "Chap09- Assignment\Chap09- Assignment.vcxproj", "{63555EC8-DD3C-4A7C-BBE8-9CD8F48658B1}"
EndProject
Project("{8BC9CEB8-8B4A-11D0-8D11-00A0C91BC942}") = "Chap10", "Chap10\Chap10.vcxproj", "{11F8562E-FD92-4CB5-8B5B-47F36F48C336}"
EndProject
Project("{8BC9CEB8-8B4A-11D0-8D11-00A0C91BC942}") = "Chap10- Assignment", "Chap10- Assignment\Chap10- Assignment.vcxproj", "{5AC1652F-70EE-41AD-B2AB-A0C9532E0B0C}"
EndProject
Project("{8BC9CEB8-8B4A-11D0-8D11-00A0C91BC942}") = "Chap11", "Chap11\Chap11.vcxproj", "{92D2AE22-938D-44D4-BB3E-37B8E1E3DE67}"
EndProject
Project("{8BC9CEB8-8B4A-11D0-8D11-00A0C91BC942}") = "Chap12", "Chap12\Chap12.vcxproj", "{819FBA59-75AF-43B2-809B-C9A9F64FFA4F}"
EndProject
Global
	GlobalSection(SolutionConfigurationPlatforms) = preSolution
		Debug|x64 = Debug|x64
		Debug|x86 = Debug|x86
		Release|x64 = Release|x64
		Release|x86 = Release|x86
	EndGlobalSection
	GlobalSection(ProjectConfigurationPlatforms) = postSolution
		{556E499A-B95C-4C94-9C39-C53C6E980672}.Debug|x64.ActiveCfg = Debug|x64
		{556E499A-B95C-4C94-9C39-C53C6E980672}.Debug|x64.Build.0 = Debug|x64
		{556E499A-B95C-4C94-9C39-C53C6E980672}.Debug|x86.ActiveCfg = Debug|Win32
		{556E499A-B95C-4C94-9C39-C53C6E980672}.Debug|x86.Build.0 = Debug|Win32
		{556E499A-B95C-4C94-9C39-C53C6E980672}.Release|x64.ActiveCfg = Release|x64
		{556E499A-B95C-4C94-9C39-C53C6E980672}.Release|x64.Build.0 = Release|x64
		{556E499A-B95C-4C94-9C39-C53C6E980672}.Release|x86.ActiveCfg = Release|Win32
		{556E499A-B95C-4C94-9C39-C53C6E980672}.Release|x86.Build.0 = Release|Win32
		{5F71AECE-C236-46F1-B344-D1D94116D137}.Debug|x64.ActiveCfg = Debug|x64
		{5F71AECE-C236-46F1-B344-D1D94116D137}.Debug|x64.Build.0 = Debug|x64
		{5F71AECE-C236-46F1-B344-D1D94116D137}.Debug|x86.ActiveCfg = Debug|Win32
		{5F71AECE-C236-46F1-B344-D1D94116D137}.Debug|x86.Build.0 = Debug|Win32
		{5F71AECE-C236-46F1-B344-D1D94116D137}.Release|x64.ActiveCfg = Release|x64
		{5F71AECE-C236-46F1-B344-D1D94116D137}.Release|x64.Build.0 = Release|x64
		{5F71AECE-C236-46F1-B344-D1D94116D137}.Release|x86.ActiveCfg = Release|Win32
		{5F71AECE-C236-46F1-B344-D1D94116D137}.Release|x86.Build.0 = Release|Win32
		{5260AADB-00E9-474A-A75C-8D9FBEAEAB4D}.Debug|x64.ActiveCfg = Debug|x64
		{5260AADB-00E9-474A-A75C-8D9FBEAEAB4D}.Debug|x64.Build.0 = Debug|x64
		{5260AADB-00E9-474A-A75C-8D9FBEAEAB4D}.Debug|x86.ActiveCfg = Debug|Win32
		{5260AADB-00E9-474A-A75C-8D9FBEAEAB4D}.Debug|x86.Build.0 = Debug|Win32
		{5260AADB-00E9-474A-A75C-8D9FBEAEAB4D}.Release|x64.ActiveCfg = Release|x64
		{5260AADB-00E9-474A-A75C-8D9FBEAEAB4D}.Release|x64.Build.0 = Release|x64
		{5260AADB-00E9-474A-A75C-8D9FBEAEAB4D}.Release|x86.ActiveCfg = Release|Win32
		{5260AADB-00E9-474A-A75C-8D9FBEAEAB4D}.Release|x86.Build.0 = Release|Win32
		{EA92B7ED-833E-42E5-9971-2AD05D67ECAA}.Debug|x64.ActiveCfg = Debug|x64
		{EA92B7ED-833E-42E5-9971-2AD05D67ECAA}.Debug|x64.Build.0 = Debug|x64
		{EA92B7ED-833E-42E5-9971-2AD05D67ECAA}.Debug|x86.ActiveCfg = Debug|Win32
		{EA92B7ED-833E-42E5-9971-2AD05D67ECAA}.Debug|x86.Build.0 = Debug|Win32
		{EA92B7ED-833E-42E5-9971-2AD05D67ECAA}.Release|x64.ActiveCfg = Release|x64
		{EA92B7ED-833E-42E5-9971-2AD05D67ECAA}.Release|x64.Build.0 = Release|x64
		{EA92B7ED-833E-42E5-9971-2AD05D67ECAA}.Release|x86.ActiveCfg = Release|Win32
		{EA92B7ED-833E-42E5-9971-2AD05D67ECAA}.Release|x86.Build.0 = Release|Win32
		{BF39DBB9-DC57-4B85-8D5B-318F1D27CB64}.Debug|x64.ActiveCfg = Debug|x64
		{BF39DBB9-DC57-4B85-8D5B-318F1D27CB64}.Debug|x64.Build.0 = Debug|x64
		{BF39DBB9-DC57-4B85-8D5B-318F1D27CB64}.Debug|x86.ActiveCfg = Debug|Win32
		{BF39DBB9-DC57-4B85-8D5B-318F1D27CB64}.Debug|x86.Build.0 = Debug|Win32
		{BF39DBB9-DC57-4B85-8D5B-318F1D27CB64}.Release|x64.ActiveCfg = Release|x64
		{BF39DBB9-DC57-4B85-8D5B-318F1D27CB64}.Release|x64.Build.0 = Release|x64
		{BF39DBB9-DC57-4B85-8D5B-318F1D27CB64}.Release|x86.ActiveCfg = Release|Win32
		{BF39DBB9-DC57-4B85-8D5B-318F1D27CB64}.Release|x86.Build.0 = Release|Win32
		{63555EC8-DD3C-4A7C-BBE8-9CD8F48658B1}.Debug|x64.ActiveCfg = Debug|x64
		{63555EC8-DD3C-4A7C-BBE8-9CD8F48658B1}.Debug|x64.Build.0 = Debug|x64
		{63555EC8-DD3C-4A7C-BBE8-9CD8F48658B1}.Debug|x86.ActiveCfg = Debug|Win32
		{63555EC8-DD3C-4A7C-BBE8-9CD8F48658B1}.Debug|x86.Build.0 = Debug|Win32
		{63555EC8-DD3C-4A7C-BBE8-9CD8F48658B1}.Release|x64.ActiveCfg = Release|x64
		{63555EC8-DD3C-4A7C-BBE8-9CD8F48658B1}.Release|x64.Build.0 = Release|x64
		{63555EC8-DD3C-4A7C-BBE8-9CD8F48658B1}.Release|x86.ActiveCfg = Release|Win32
		{63555EC8-DD3C-4A7C-BBE8-9CD8F48658B1}.Release|x86.Build.0 = Release|Win32
		{11F8562E-FD92-4CB5-8B5B-47F36F48C336}.Debug|x64.ActiveCfg = Debug|x64
		{11F8562E-FD92-4CB5-8B5B-47F36F48C336}.Debug|x64.Build.0 = Debug|x64
		{11F8562E-FD92-4CB5-8B5B-47F36F48C336}.Debug|x86.ActiveCfg = Debug|Win32
		{11F8562E-FD92-4CB5-8B5B-47F36F48C336}.Debug|x86.Build.0 = Debug|Win32
		{11F8562E-FD92-4CB5-8B5B-47F36F48C336}.Release|x64.ActiveCfg = Release|x64
		{11F8562E-FD92-4CB5-8B5B-47F36F48C336}.Release|x64.Build.0 = Release|x64
		{11F8562E-FD92-4CB5-8B5B-47F36F48C336}.Release|x86.ActiveCfg = Release|Win32
		{11F8562E-FD92-4CB5-8B5B-47F36F48C336}.Release|x86.Build.0 = Release|Win32
		{5AC1652F-70EE-41AD-B2AB-A0C9532E0B0C}.Debug|x64.ActiveCfg = Debug|x64
		{5AC1652F-70EE-41AD-B2AB-A0C9532E0B0C}.Debug|x64.Build.0 = Debug|x64
		{5AC1652F-70EE-41AD-B2AB-A0C9532E0B0C}.Debug|x86.ActiveCfg = Debug|Win32
		{5AC1652F-70EE-41AD-B2AB-A0C9532E0B0C}.Debug|x86.Build.0 = Debug|Win32
		{5AC1652F-70EE-41AD-B2AB-A0C9532E0B0C}.Release|x64.ActiveCfg = Release|x64
		{5AC1652F-70EE-41AD-B2AB-A0C9532E0B0C}.Release|x64.Build.0 = Release|x64
		{5AC1652F-70EE-41AD-B2AB-A0C9532E0B0C}.Release|x86.ActiveCfg = Release|Win32
		{5AC1652F-70EE-41AD-B2AB-A0C9532E0B0C}.Release|x86.Build.0 = Release|Win32
		{92D2AE22-938D-44D4-BB3E-37B8E1E3DE67}.Debug|x64.ActiveCfg = Debug|x64
		{92D2AE22-938D-44D4-BB3E-37B8E1E3DE67}.Debug|x64.Build.0 = Debug|x64
		{92D2AE22-938D-44D4-BB3E-37B8E1E3DE67}.Debug|x86.ActiveCfg = Debug|Win32
		{92D2AE22-938D-44D4-BB3E-37B8E1E3DE67}.Debug|x86.Build.0 = Debug|Win32
		{92D2AE22-938D-44D4-BB3E-37B8E1E3DE67}.Release|x64.ActiveCfg = Release|x64
		{92D2AE22-938D-44D4-BB3E-37B8E1E3DE67}.Release|x64.Build.0 = Release|x64
		{92D2AE22-938D-44D4-BB3E-37B8E1E3DE67}.Release|x86.ActiveCfg = Release|Win32
		{92D2AE22-938D-44D4-BB3E-37B8E1E3DE67}.Release|x86.Build.0 = Release|Win32
		{819FBA59-75AF-43B2-809B-C9A9F64FFA4F}.Debug|x64.ActiveCfg = Debug|x64
		{819FBA59-75AF-43B2-809B-C9A9F64FFA4F}.Debug|x64.Build.0 = Debug|x64
		{819FBA59-75AF-43B2-809B-C9A9F64FFA4F}.Debug|x86.ActiveCfg = Debug|Win32
		{819FBA59-75AF-43B2-809B-C9A9F64FFA4F}.Debug|x86.Build.0 = Debug|Win32
		{819FBA59-75AF-43B2-809B-C9A9F64FFA4F}.Release|x64.ActiveCfg = Release|x64
		{819FBA59-75AF-43B2-809B-C9A9F64FFA4F}.Release|x64.Build.0 = Release|x64
		{819FBA59-75AF-43B2-809B-C9A9F64FFA4F}.Release|x86.ActiveCfg = Release|Win32
		{819FBA59-75AF-43B2-809B-C9A9F64FFA4F}.Release|x86.Build.0 = Release|Win32
	EndGlobalSection
	GlobalSection(SolutionProperties) = preSolution
		HideSolutionNode = FALSE
	EndGlobalSection
	GlobalSection(ExtensibilityGlobals) = postSolution
		SolutionGuid = {F4867CA6-69A3-4DC0-9813-2EDF6E46BCA5}
	EndGlobalSection
EndGlobal
